
Microsoft Visual Studio Solution File, Format Version 12.00
# Visual Studio Version 16
VisualStudioVersion = 16.0.30011.22
MinimumVisualStudioVersion = 10.0.40219.1
Project("{FAE04EC0-301F-11D3-BF4B-00C04F79EFBC}") = "CodingBuddy", "CodingBuddy\CodingBuddy.csproj", "{55093EF8-9801-4984-8B34-8E11C7A04376}"
EndProject
Global
	GlobalSection(SolutionConfigurationPlatforms) = preSolution
		Debug|Any CPU = Debug|Any CPU
		Release|Any CPU = Release|Any CPU
	EndGlobalSection
	GlobalSection(ProjectConfigurationPlatforms) = postSolution
		{55093EF8-9801-4984-8B34-8E11C7A04376}.Debug|Any CPU.ActiveCfg = Debug|Any CPU
		{55093EF8-9801-4984-8B34-8E11C7A04376}.Debug|Any CPU.Build.0 = Debug|Any CPU
		{55093EF8-9801-4984-8B34-8E11C7A04376}.Release|Any CPU.ActiveCfg = Release|Any CPU
		{55093EF8-9801-4984-8B34-8E11C7A04376}.Release|Any CPU.Build.0 = Release|Any CPU
	EndGlobalSection
	GlobalSection(SolutionProperties) = preSolution
		HideSolutionNode = FALSE
	EndGlobalSection
	GlobalSection(ExtensibilityGlobals) = postSolution
		SolutionGuid = {D0396601-C44D-4274-A9FD-7766E4E46943}
	EndGlobalSection
EndGlobal
